{
    "_readme": [
        "This file locks the dependencies of your project to a known state",
        "Read more about it at https://getcomposer.org/doc/01-basic-usage.md#composer-lock-the-lock-file",
        "This file is @generated automatically"
    ],
    "hash": "fd7015118816be945987985407d8bf58",
    "content-hash": "600efbe5bf5012791dd198cba066ae5f",
    "packages": [
        {
            "name": "solis/phpbreaker",
            "version": "0.0.1",
            "source": {
                "type": "git",
                "url": "https://github.com/realfabecker/phpbreaker.git",
                "reference": "f022908fa6d8906f0c8faa1031fdf49efb7f6f79"
            },
            "dist": {
                "type": "zip",
                "url": "https://api.github.com/repos/realfabecker/phpbreaker/zipball/f022908fa6d8906f0c8faa1031fdf49efb7f6f79",
                "reference": "f022908fa6d8906f0c8faa1031fdf49efb7f6f79",
                "shasum": ""
            },
            "type": "library",
            "autoload": {
                "psr-4": {
                    "Solis\\Breaker\\": "app/src/lib/breaker"
                }
            },
            "notification-url": "https://packagist.org/downloads/",
            "description": "PhpBreaker is a exception handling toolset",
            "time": "2017-05-05 14:12:38"
        }
    ],
    "packages-dev": [],
    "aliases": [],
    "minimum-stability": "stable",
    "stability-flags": [],
    "prefer-stable": false,
    "prefer-lowest": false,
    "platform": {
        "php": ">=7.0"
    },
    "platform-dev": []
}
